
Microsoft Visual Studio Solution File, Format Version 12.00
# Visual Studio 14
VisualStudioVersion = 14.0.25420.1
MinimumVisualStudioVersion = 10.0.40219.1
Project("{FAE04EC0-301F-11D3-BF4B-00C04F79EFBC}") = "TravelRepublicTest", "TravelRepublicTest\TravelRepublicTest.csproj", "{76270591-C452-449D-AF05-430A2ABA0F2D}"
EndProject
Project("{FAE04EC0-301F-11D3-BF4B-00C04F79EFBC}") = "TravelRepublicTestTests", "TravelRepublicTestTests\TravelRepublicTestTests.csproj", "{0A9622A4-444D-4E9D-8F92-26A8FF42BB29}"
EndProject
Global
	GlobalSection(SolutionConfigurationPlatforms) = preSolution
		Debug|Any CPU = Debug|Any CPU
		Release|Any CPU = Release|Any CPU
	EndGlobalSection
	GlobalSection(ProjectConfigurationPlatforms) = postSolution
		{76270591-C452-449D-AF05-430A2ABA0F2D}.Debug|Any CPU.ActiveCfg = Debug|Any CPU
		{76270591-C452-449D-AF05-430A2ABA0F2D}.Debug|Any CPU.Build.0 = Debug|Any CPU
		{76270591-C452-449D-AF05-430A2ABA0F2D}.Release|Any CPU.ActiveCfg = Release|Any CPU
		{76270591-C452-449D-AF05-430A2ABA0F2D}.Release|Any CPU.Build.0 = Release|Any CPU
		{0A9622A4-444D-4E9D-8F92-26A8FF42BB29}.Debug|Any CPU.ActiveCfg = Debug|Any CPU
		{0A9622A4-444D-4E9D-8F92-26A8FF42BB29}.Debug|Any CPU.Build.0 = Debug|Any CPU
		{0A9622A4-444D-4E9D-8F92-26A8FF42BB29}.Release|Any CPU.ActiveCfg = Release|Any CPU
		{0A9622A4-444D-4E9D-8F92-26A8FF42BB29}.Release|Any CPU.Build.0 = Release|Any CPU
	EndGlobalSection
	GlobalSection(SolutionProperties) = preSolution
		HideSolutionNode = FALSE
	EndGlobalSection
EndGlobal
